// !$*UTF8*$!
{
	archiveVersion = 1;
	classes = {
	};
	objectVersion = 56;
	objects = {

/* Begin PBXBuildFile section */
		D1DE3E1E28EA2D4C0033680D /* App.swift in Sources */ = {isa = PBXBuildFile; fileRef = D1DE3E1D28EA2D4C0033680D /* App.swift */; };
		D1DE3E2028EA2D4C0033680D /* ContentView.swift in Sources */ = {isa = PBXBuildFile; fileRef = D1DE3E1F28EA2D4C0033680D /* ContentView.swift */; };
		D1DE3E2228EA2D4C0033680D /* Assets.xcassets in Resources */ = {isa = PBXBuildFile; fileRef = D1DE3E2128EA2D4C0033680D /* Assets.xcassets */; };
		D1DE3E2528EA2D4C0033680D /* Preview Assets.xcassets in Resources */ = {isa = PBXBuildFile; fileRef = D1DE3E2428EA2D4C0033680D /* Preview Assets.xcassets */; };
		D1DE3E2F28EA2D4C0033680D /* PlasticTests.swift in Sources */ = {isa = PBXBuildFile; fileRef = D1DE3E2E28EA2D4C0033680D /* PlasticTests.swift */; };
		D1DE3E3928EA2D4C0033680D /* PlasticUITests.swift in Sources */ = {isa = PBXBuildFile; fileRef = D1DE3E3828EA2D4C0033680D /* PlasticUITests.swift */; };
		D1DE3E3B28EA2D4C0033680D /* PlasticUITestsLaunchTests.swift in Sources */ = {isa = PBXBuildFile; fileRef = D1DE3E3A28EA2D4C0033680D /* PlasticUITestsLaunchTests.swift */; };
		D1DE3E5628EA2DF70033680D /* PrintersViewModel.swift in Sources */ = {isa = PBXBuildFile; fileRef = D1DE3E4C28EA2DF70033680D /* PrintersViewModel.swift */; };
		D1DE3E5728EA2DF70033680D /* MachineSettingsView.swift in Sources */ = {isa = PBXBuildFile; fileRef = D1DE3E4D28EA2DF70033680D /* MachineSettingsView.swift */; };
		D1DE3E5828EA2DF70033680D /* FilesView.swift in Sources */ = {isa = PBXBuildFile; fileRef = D1DE3E4E28EA2DF70033680D /* FilesView.swift */; };
		D1DE3E5928EA2DF70033680D /* DashboardViewModel.swift in Sources */ = {isa = PBXBuildFile; fileRef = D1DE3E4F28EA2DF70033680D /* DashboardViewModel.swift */; };
		D1DE3E5A28EA2DF70033680D /* DashboardView.swift in Sources */ = {isa = PBXBuildFile; fileRef = D1DE3E5028EA2DF70033680D /* DashboardView.swift */; };
		D1DE3E5B28EA2DF70033680D /* HistoryView.swift in Sources */ = {isa = PBXBuildFile; fileRef = D1DE3E5128EA2DF70033680D /* HistoryView.swift */; };
		D1DE3E5C28EA2DF70033680D /* FilesViewModel.swift in Sources */ = {isa = PBXBuildFile; fileRef = D1DE3E5228EA2DF70033680D /* FilesViewModel.swift */; };
		D1DE3E5D28EA2DF70033680D /* HistoryViewModel.swift in Sources */ = {isa = PBXBuildFile; fileRef = D1DE3E5328EA2DF70033680D /* HistoryViewModel.swift */; };
		D1DE3E5E28EA2DF70033680D /* PrintersView.swift in Sources */ = {isa = PBXBuildFile; fileRef = D1DE3E5428EA2DF70033680D /* PrintersView.swift */; };
		D1DE3E5F28EA2DF70033680D /* MachineSettingsViewModel.swift in Sources */ = {isa = PBXBuildFile; fileRef = D1DE3E5528EA2DF70033680D /* MachineSettingsViewModel.swift */; };
		D1DE3E6628EA2E080033680D /* DashboardExtruderControlsView.swift in Sources */ = {isa = PBXBuildFile; fileRef = D1DE3E6028EA2E080033680D /* DashboardExtruderControlsView.swift */; };
		D1DE3E6728EA2E080033680D /* DashboardExtruderControlsViewModel.swift in Sources */ = {isa = PBXBuildFile; fileRef = D1DE3E6128EA2E080033680D /* DashboardExtruderControlsViewModel.swift */; };
		D1DE3E6828EA2E080033680D /* DashboardJoggingControlsViewModel.swift in Sources */ = {isa = PBXBuildFile; fileRef = D1DE3E6228EA2E080033680D /* DashboardJoggingControlsViewModel.swift */; };
		D1DE3E6928EA2E080033680D /* DashboardJoggingControlsView.swift in Sources */ = {isa = PBXBuildFile; fileRef = D1DE3E6328EA2E080033680D /* DashboardJoggingControlsView.swift */; };
		D1DE3E6A28EA2E080033680D /* DashboardStatusBarView.swift in Sources */ = {isa = PBXBuildFile; fileRef = D1DE3E6428EA2E080033680D /* DashboardStatusBarView.swift */; };
		D1DE3E6B28EA2E080033680D /* DashboardStatusBarViewModel.swift in Sources */ = {isa = PBXBuildFile; fileRef = D1DE3E6528EA2E080033680D /* DashboardStatusBarViewModel.swift */; };
/* End PBXBuildFile section */

/* Begin PBXContainerItemProxy section */
		D1DE3E2B28EA2D4C0033680D /* PBXContainerItemProxy */ = {
			isa = PBXContainerItemProxy;
			containerPortal = D1DE3E1228EA2D4C0033680D /* Project object */;
			proxyType = 1;
			remoteGlobalIDString = D1DE3E1928EA2D4C0033680D;
			remoteInfo = Plastic;
		};
		D1DE3E3528EA2D4C0033680D /* PBXContainerItemProxy */ = {
			isa = PBXContainerItemProxy;
			containerPortal = D1DE3E1228EA2D4C0033680D /* Project object */;
			proxyType = 1;
			remoteGlobalIDString = D1DE3E1928EA2D4C0033680D;
			remoteInfo = Plastic;
		};
/* End PBXContainerItemProxy section */

/* Begin PBXFileReference section */
		D1DE3E1A28EA2D4C0033680D /* Plastic.app */ = {isa = PBXFileReference; explicitFileType = wrapper.application; includeInIndex = 0; path = Plastic.app; sourceTree = BUILT_PRODUCTS_DIR; };
		D1DE3E1D28EA2D4C0033680D /* App.swift */ = {isa = PBXFileReference; lastKnownFileType = sourcecode.swift; path = App.swift; sourceTree = "<group>"; };
		D1DE3E1F28EA2D4C0033680D /* ContentView.swift */ = {isa = PBXFileReference; lastKnownFileType = sourcecode.swift; path = ContentView.swift; sourceTree = "<group>"; };
		D1DE3E2128EA2D4C0033680D /* Assets.xcassets */ = {isa = PBXFileReference; lastKnownFileType = folder.assetcatalog; path = Assets.xcassets; sourceTree = "<group>"; };
		D1DE3E2428EA2D4C0033680D /* Preview Assets.xcassets */ = {isa = PBXFileReference; lastKnownFileType = folder.assetcatalog; path = "Preview Assets.xcassets"; sourceTree = "<group>"; };
		D1DE3E2A28EA2D4C0033680D /* PlasticTests.xctest */ = {isa = PBXFileReference; explicitFileType = wrapper.cfbundle; includeInIndex = 0; path = PlasticTests.xctest; sourceTree = BUILT_PRODUCTS_DIR; };
		D1DE3E2E28EA2D4C0033680D /* PlasticTests.swift */ = {isa = PBXFileReference; lastKnownFileType = sourcecode.swift; path = PlasticTests.swift; sourceTree = "<group>"; };
		D1DE3E3428EA2D4C0033680D /* PlasticUITests.xctest */ = {isa = PBXFileReference; explicitFileType = wrapper.cfbundle; includeInIndex = 0; path = PlasticUITests.xctest; sourceTree = BUILT_PRODUCTS_DIR; };
		D1DE3E3828EA2D4C0033680D /* PlasticUITests.swift */ = {isa = PBXFileReference; lastKnownFileType = sourcecode.swift; path = PlasticUITests.swift; sourceTree = "<group>"; };
		D1DE3E3A28EA2D4C0033680D /* PlasticUITestsLaunchTests.swift */ = {isa = PBXFileReference; lastKnownFileType = sourcecode.swift; path = PlasticUITestsLaunchTests.swift; sourceTree = "<group>"; };
		D1DE3E4C28EA2DF70033680D /* PrintersViewModel.swift */ = {isa = PBXFileReference; fileEncoding = 4; lastKnownFileType = sourcecode.swift; path = PrintersViewModel.swift; sourceTree = "<group>"; };
		D1DE3E4D28EA2DF70033680D /* MachineSettingsView.swift */ = {isa = PBXFileReference; fileEncoding = 4; lastKnownFileType = sourcecode.swift; path = MachineSettingsView.swift; sourceTree = "<group>"; };
		D1DE3E4E28EA2DF70033680D /* FilesView.swift */ = {isa = PBXFileReference; fileEncoding = 4; lastKnownFileType = sourcecode.swift; path = FilesView.swift; sourceTree = "<group>"; };
		D1DE3E4F28EA2DF70033680D /* DashboardViewModel.swift */ = {isa = PBXFileReference; fileEncoding = 4; lastKnownFileType = sourcecode.swift; path = DashboardViewModel.swift; sourceTree = "<group>"; };
		D1DE3E5028EA2DF70033680D /* DashboardView.swift */ = {isa = PBXFileReference; fileEncoding = 4; lastKnownFileType = sourcecode.swift; path = DashboardView.swift; sourceTree = "<group>"; };
		D1DE3E5128EA2DF70033680D /* HistoryView.swift */ = {isa = PBXFileReference; fileEncoding = 4; lastKnownFileType = sourcecode.swift; path = HistoryView.swift; sourceTree = "<group>"; };
		D1DE3E5228EA2DF70033680D /* FilesViewModel.swift */ = {isa = PBXFileReference; fileEncoding = 4; lastKnownFileType = sourcecode.swift; path = FilesViewModel.swift; sourceTree = "<group>"; };
		D1DE3E5328EA2DF70033680D /* HistoryViewModel.swift */ = {isa = PBXFileReference; fileEncoding = 4; lastKnownFileType = sourcecode.swift; path = HistoryViewModel.swift; sourceTree = "<group>"; };
		D1DE3E5428EA2DF70033680D /* PrintersView.swift */ = {isa = PBXFileReference; fileEncoding = 4; lastKnownFileType = sourcecode.swift; path = PrintersView.swift; sourceTree = "<group>"; };
		D1DE3E5528EA2DF70033680D /* MachineSettingsViewModel.swift */ = {isa = PBXFileReference; fileEncoding = 4; lastKnownFileType = sourcecode.swift; path = MachineSettingsViewModel.swift; sourceTree = "<group>"; };
		D1DE3E6028EA2E080033680D /* DashboardExtruderControlsView.swift */ = {isa = PBXFileReference; fileEncoding = 4; lastKnownFileType = sourcecode.swift; path = DashboardExtruderControlsView.swift; sourceTree = "<group>"; };
		D1DE3E6128EA2E080033680D /* DashboardExtruderControlsViewModel.swift */ = {isa = PBXFileReference; fileEncoding = 4; lastKnownFileType = sourcecode.swift; path = DashboardExtruderControlsViewModel.swift; sourceTree = "<group>"; };
		D1DE3E6228EA2E080033680D /* DashboardJoggingControlsViewModel.swift */ = {isa = PBXFileReference; fileEncoding = 4; lastKnownFileType = sourcecode.swift; path = DashboardJoggingControlsViewModel.swift; sourceTree = "<group>"; };
		D1DE3E6328EA2E080033680D /* DashboardJoggingControlsView.swift */ = {isa = PBXFileReference; fileEncoding = 4; lastKnownFileType = sourcecode.swift; path = DashboardJoggingControlsView.swift; sourceTree = "<group>"; };
		D1DE3E6428EA2E080033680D /* DashboardStatusBarView.swift */ = {isa = PBXFileReference; fileEncoding = 4; lastKnownFileType = sourcecode.swift; path = DashboardStatusBarView.swift; sourceTree = "<group>"; };
		D1DE3E6528EA2E080033680D /* DashboardStatusBarViewModel.swift */ = {isa = PBXFileReference; fileEncoding = 4; lastKnownFileType = sourcecode.swift; path = DashboardStatusBarViewModel.swift; sourceTree = "<group>"; };
/* End PBXFileReference section */

/* Begin PBXFrameworksBuildPhase section */
		D1DE3E1728EA2D4C0033680D /* Frameworks */ = {
			isa = PBXFrameworksBuildPhase;
			buildActionMask = 2147483647;
			files = (
			);
			runOnlyForDeploymentPostprocessing = 0;
		};
		D1DE3E2728EA2D4C0033680D /* Frameworks */ = {
			isa = PBXFrameworksBuildPhase;
			buildActionMask = 2147483647;
			files = (
			);
			runOnlyForDeploymentPostprocessing = 0;
		};
		D1DE3E3128EA2D4C0033680D /* Frameworks */ = {
			isa = PBXFrameworksBuildPhase;
			buildActionMask = 2147483647;
			files = (
			);
			runOnlyForDeploymentPostprocessing = 0;
		};
/* End PBXFrameworksBuildPhase section */

/* Begin PBXGroup section */
		D1DE3E1128EA2D4C0033680D = {
			isa = PBXGroup;
			children = (
				D1DE3E1C28EA2D4C0033680D /* Plastic */,
				D1DE3E2D28EA2D4C0033680D /* PlasticTests */,
				D1DE3E3728EA2D4C0033680D /* PlasticUITests */,
				D1DE3E1B28EA2D4C0033680D /* Products */,
			);
			sourceTree = "<group>";
		};
		D1DE3E1B28EA2D4C0033680D /* Products */ = {
			isa = PBXGroup;
			children = (
				D1DE3E1A28EA2D4C0033680D /* Plastic.app */,
				D1DE3E2A28EA2D4C0033680D /* PlasticTests.xctest */,
				D1DE3E3428EA2D4C0033680D /* PlasticUITests.xctest */,
			);
			name = Products;
			sourceTree = "<group>";
		};
		D1DE3E1C28EA2D4C0033680D /* Plastic */ = {
			isa = PBXGroup;
			children = (
				D1DE3E2328EA2D4C0033680D /* Preview Content */,
				D1DE3E4728EA2D890033680D /* Resources */,
				D1DE3E4828EA2D930033680D /* Source */,
			);
			path = Plastic;
			sourceTree = "<group>";
		};
		D1DE3E2328EA2D4C0033680D /* Preview Content */ = {
			isa = PBXGroup;
			children = (
				D1DE3E2428EA2D4C0033680D /* Preview Assets.xcassets */,
			);
			path = "Preview Content";
			sourceTree = "<group>";
		};
		D1DE3E2D28EA2D4C0033680D /* PlasticTests */ = {
			isa = PBXGroup;
			children = (
				D1DE3E2E28EA2D4C0033680D /* PlasticTests.swift */,
			);
			path = PlasticTests;
			sourceTree = "<group>";
		};
		D1DE3E3728EA2D4C0033680D /* PlasticUITests */ = {
			isa = PBXGroup;
			children = (
				D1DE3E3828EA2D4C0033680D /* PlasticUITests.swift */,
				D1DE3E3A28EA2D4C0033680D /* PlasticUITestsLaunchTests.swift */,
			);
			path = PlasticUITests;
			sourceTree = "<group>";
		};
		D1DE3E4728EA2D890033680D /* Resources */ = {
			isa = PBXGroup;
			children = (
				D1DE3E2128EA2D4C0033680D /* Assets.xcassets */,
			);
			path = Resources;
			sourceTree = "<group>";
		};
		D1DE3E4828EA2D930033680D /* Source */ = {
			isa = PBXGroup;
			children = (
				D1DE3E4928EA2DD10033680D /* UI */,
				D1DE3E1D28EA2D4C0033680D /* App.swift */,
				D1DE3E1F28EA2D4C0033680D /* ContentView.swift */,
			);
			path = Source;
			sourceTree = "<group>";
		};
		D1DE3E4928EA2DD10033680D /* UI */ = {
			isa = PBXGroup;
			children = (
				D1DE3E4A28EA2DDB0033680D /* Primary */,
			);
			path = UI;
			sourceTree = "<group>";
		};
		D1DE3E4A28EA2DDB0033680D /* Primary */ = {
			isa = PBXGroup;
			children = (
				D1DE3E4B28EA2DE20033680D /* Dashboard */,
				D1DE3E5028EA2DF70033680D /* DashboardView.swift */,
				D1DE3E4F28EA2DF70033680D /* DashboardViewModel.swift */,
				D1DE3E4E28EA2DF70033680D /* FilesView.swift */,
				D1DE3E5228EA2DF70033680D /* FilesViewModel.swift */,
				D1DE3E5128EA2DF70033680D /* HistoryView.swift */,
				D1DE3E5328EA2DF70033680D /* HistoryViewModel.swift */,
				D1DE3E4D28EA2DF70033680D /* MachineSettingsView.swift */,
				D1DE3E5528EA2DF70033680D /* MachineSettingsViewModel.swift */,
				D1DE3E5428EA2DF70033680D /* PrintersView.swift */,
				D1DE3E4C28EA2DF70033680D /* PrintersViewModel.swift */,
			);
			path = Primary;
			sourceTree = "<group>";
		};
		D1DE3E4B28EA2DE20033680D /* Dashboard */ = {
			isa = PBXGroup;
			children = (
				D1DE3E6028EA2E080033680D /* DashboardExtruderControlsView.swift */,
				D1DE3E6128EA2E080033680D /* DashboardExtruderControlsViewModel.swift */,
				D1DE3E6328EA2E080033680D /* DashboardJoggingControlsView.swift */,
				D1DE3E6228EA2E080033680D /* DashboardJoggingControlsViewModel.swift */,
				D1DE3E6428EA2E080033680D /* DashboardStatusBarView.swift */,
				D1DE3E6528EA2E080033680D /* DashboardStatusBarViewModel.swift */,
			);
			path = Dashboard;
			sourceTree = "<group>";
		};
/* End PBXGroup section */

/* Begin PBXNativeTarget section */
		D1DE3E1928EA2D4C0033680D /* Plastic */ = {
			isa = PBXNativeTarget;
			buildConfigurationList = D1DE3E3E28EA2D4C0033680D /* Build configuration list for PBXNativeTarget "Plastic" */;
			buildPhases = (
				D1DE3E1628EA2D4C0033680D /* Sources */,
				D1DE3E1728EA2D4C0033680D /* Frameworks */,
				D1DE3E1828EA2D4C0033680D /* Resources */,
			);
			buildRules = (
			);
			dependencies = (
			);
			name = Plastic;
			productName = Plastic;
			productReference = D1DE3E1A28EA2D4C0033680D /* Plastic.app */;
			productType = "com.apple.product-type.application";
		};
		D1DE3E2928EA2D4C0033680D /* PlasticTests */ = {
			isa = PBXNativeTarget;
			buildConfigurationList = D1DE3E4128EA2D4C0033680D /* Build configuration list for PBXNativeTarget "PlasticTests" */;
			buildPhases = (
				D1DE3E2628EA2D4C0033680D /* Sources */,
				D1DE3E2728EA2D4C0033680D /* Frameworks */,
				D1DE3E2828EA2D4C0033680D /* Resources */,
			);
			buildRules = (
			);
			dependencies = (
				D1DE3E2C28EA2D4C0033680D /* PBXTargetDependency */,
			);
			name = PlasticTests;
			productName = PlasticTests;
			productReference = D1DE3E2A28EA2D4C0033680D /* PlasticTests.xctest */;
			productType = "com.apple.product-type.bundle.unit-test";
		};
		D1DE3E3328EA2D4C0033680D /* PlasticUITests */ = {
			isa = PBXNativeTarget;
			buildConfigurationList = D1DE3E4428EA2D4C0033680D /* Build configuration list for PBXNativeTarget "PlasticUITests" */;
			buildPhases = (
				D1DE3E3028EA2D4C0033680D /* Sources */,
				D1DE3E3128EA2D4C0033680D /* Frameworks */,
				D1DE3E3228EA2D4C0033680D /* Resources */,
			);
			buildRules = (
			);
			dependencies = (
				D1DE3E3628EA2D4C0033680D /* PBXTargetDependency */,
			);
			name = PlasticUITests;
			productName = PlasticUITests;
			productReference = D1DE3E3428EA2D4C0033680D /* PlasticUITests.xctest */;
			productType = "com.apple.product-type.bundle.ui-testing";
		};
/* End PBXNativeTarget section */

/* Begin PBXProject section */
		D1DE3E1228EA2D4C0033680D /* Project object */ = {
			isa = PBXProject;
			attributes = {
				BuildIndependentTargetsInParallel = 1;
				LastSwiftUpdateCheck = 1400;
				LastUpgradeCheck = 1400;
				TargetAttributes = {
					D1DE3E1928EA2D4C0033680D = {
						CreatedOnToolsVersion = 14.0.1;
					};
					D1DE3E2928EA2D4C0033680D = {
						CreatedOnToolsVersion = 14.0.1;
						TestTargetID = D1DE3E1928EA2D4C0033680D;
					};
					D1DE3E3328EA2D4C0033680D = {
						CreatedOnToolsVersion = 14.0.1;
						TestTargetID = D1DE3E1928EA2D4C0033680D;
					};
				};
			};
			buildConfigurationList = D1DE3E1528EA2D4C0033680D /* Build configuration list for PBXProject "Plastic" */;
			compatibilityVersion = "Xcode 14.0";
			developmentRegion = en;
			hasScannedForEncodings = 0;
			knownRegions = (
				en,
				Base,
			);
			mainGroup = D1DE3E1128EA2D4C0033680D;
			productRefGroup = D1DE3E1B28EA2D4C0033680D /* Products */;
			projectDirPath = "";
			projectRoot = "";
			targets = (
				D1DE3E1928EA2D4C0033680D /* Plastic */,
				D1DE3E2928EA2D4C0033680D /* PlasticTests */,
				D1DE3E3328EA2D4C0033680D /* PlasticUITests */,
			);
		};
/* End PBXProject section */

/* Begin PBXResourcesBuildPhase section */
		D1DE3E1828EA2D4C0033680D /* Resources */ = {
			isa = PBXResourcesBuildPhase;
			buildActionMask = 2147483647;
			files = (
				D1DE3E2528EA2D4C0033680D /* Preview Assets.xcassets in Resources */,
				D1DE3E2228EA2D4C0033680D /* Assets.xcassets in Resources */,
			);
			runOnlyForDeploymentPostprocessing = 0;
		};
		D1DE3E2828EA2D4C0033680D /* Resources */ = {
			isa = PBXResourcesBuildPhase;
			buildActionMask = 2147483647;
			files = (
			);
			runOnlyForDeploymentPostprocessing = 0;
		};
		D1DE3E3228EA2D4C0033680D /* Resources */ = {
			isa = PBXResourcesBuildPhase;
			buildActionMask = 2147483647;
			files = (
			);
			runOnlyForDeploymentPostprocessing = 0;
		};
/* End PBXResourcesBuildPhase section */

/* Begin PBXSourcesBuildPhase section */
		D1DE3E1628EA2D4C0033680D /* Sources */ = {
			isa = PBXSourcesBuildPhase;
			buildActionMask = 2147483647;
			files = (
				D1DE3E6728EA2E080033680D /* DashboardExtruderControlsViewModel.swift in Sources */,
				D1DE3E2028EA2D4C0033680D /* ContentView.swift in Sources */,
				D1DE3E5B28EA2DF70033680D /* HistoryView.swift in Sources */,
				D1DE3E6B28EA2E080033680D /* DashboardStatusBarViewModel.swift in Sources */,
				D1DE3E6828EA2E080033680D /* DashboardJoggingControlsViewModel.swift in Sources */,
				D1DE3E5728EA2DF70033680D /* MachineSettingsView.swift in Sources */,
				D1DE3E5F28EA2DF70033680D /* MachineSettingsViewModel.swift in Sources */,
				D1DE3E5C28EA2DF70033680D /* FilesViewModel.swift in Sources */,
				D1DE3E1E28EA2D4C0033680D /* App.swift in Sources */,
				D1DE3E5D28EA2DF70033680D /* HistoryViewModel.swift in Sources */,
				D1DE3E5E28EA2DF70033680D /* PrintersView.swift in Sources */,
				D1DE3E5A28EA2DF70033680D /* DashboardView.swift in Sources */,
				D1DE3E5928EA2DF70033680D /* DashboardViewModel.swift in Sources */,
				D1DE3E6628EA2E080033680D /* DashboardExtruderControlsView.swift in Sources */,
				D1DE3E6928EA2E080033680D /* DashboardJoggingControlsView.swift in Sources */,
				D1DE3E5628EA2DF70033680D /* PrintersViewModel.swift in Sources */,
				D1DE3E5828EA2DF70033680D /* FilesView.swift in Sources */,
				D1DE3E6A28EA2E080033680D /* DashboardStatusBarView.swift in Sources */,
			);
			runOnlyForDeploymentPostprocessing = 0;
		};
		D1DE3E2628EA2D4C0033680D /* Sources */ = {
			isa = PBXSourcesBuildPhase;
			buildActionMask = 2147483647;
			files = (
				D1DE3E2F28EA2D4C0033680D /* PlasticTests.swift in Sources */,
			);
			runOnlyForDeploymentPostprocessing = 0;
		};
		D1DE3E3028EA2D4C0033680D /* Sources */ = {
			isa = PBXSourcesBuildPhase;
			buildActionMask = 2147483647;
			files = (
				D1DE3E3928EA2D4C0033680D /* PlasticUITests.swift in Sources */,
				D1DE3E3B28EA2D4C0033680D /* PlasticUITestsLaunchTests.swift in Sources */,
			);
			runOnlyForDeploymentPostprocessing = 0;
		};
/* End PBXSourcesBuildPhase section */

/* Begin PBXTargetDependency section */
		D1DE3E2C28EA2D4C0033680D /* PBXTargetDependency */ = {
			isa = PBXTargetDependency;
			target = D1DE3E1928EA2D4C0033680D /* Plastic */;
			targetProxy = D1DE3E2B28EA2D4C0033680D /* PBXContainerItemProxy */;
		};
		D1DE3E3628EA2D4C0033680D /* PBXTargetDependency */ = {
			isa = PBXTargetDependency;
			target = D1DE3E1928EA2D4C0033680D /* Plastic */;
			targetProxy = D1DE3E3528EA2D4C0033680D /* PBXContainerItemProxy */;
		};
/* End PBXTargetDependency section */

/* Begin XCBuildConfiguration section */
		D1DE3E3C28EA2D4C0033680D /* Debug */ = {
			isa = XCBuildConfiguration;
			buildSettings = {
				ALWAYS_SEARCH_USER_PATHS = NO;
				CLANG_ANALYZER_NONNULL = YES;
				CLANG_ANALYZER_NUMBER_OBJECT_CONVERSION = YES_AGGRESSIVE;
				CLANG_CXX_LANGUAGE_STANDARD = "gnu++20";
				CLANG_ENABLE_MODULES = YES;
				CLANG_ENABLE_OBJC_ARC = YES;
				CLANG_ENABLE_OBJC_WEAK = YES;
				CLANG_WARN_BLOCK_CAPTURE_AUTORELEASING = YES;
				CLANG_WARN_BOOL_CONVERSION = YES;
				CLANG_WARN_COMMA = YES;
				CLANG_WARN_CONSTANT_CONVERSION = YES;
				CLANG_WARN_DEPRECATED_OBJC_IMPLEMENTATIONS = YES;
				CLANG_WARN_DIRECT_OBJC_ISA_USAGE = YES_ERROR;
				CLANG_WARN_DOCUMENTATION_COMMENTS = YES;
				CLANG_WARN_EMPTY_BODY = YES;
				CLANG_WARN_ENUM_CONVERSION = YES;
				CLANG_WARN_INFINITE_RECURSION = YES;
				CLANG_WARN_INT_CONVERSION = YES;
				CLANG_WARN_NON_LITERAL_NULL_CONVERSION = YES;
				CLANG_WARN_OBJC_IMPLICIT_RETAIN_SELF = YES;
				CLANG_WARN_OBJC_LITERAL_CONVERSION = YES;
				CLANG_WARN_OBJC_ROOT_CLASS = YES_ERROR;
				CLANG_WARN_QUOTED_INCLUDE_IN_FRAMEWORK_HEADER = YES;
				CLANG_WARN_RANGE_LOOP_ANALYSIS = YES;
				CLANG_WARN_STRICT_PROTOTYPES = YES;
				CLANG_WARN_SUSPICIOUS_MOVE = YES;
				CLANG_WARN_UNGUARDED_AVAILABILITY = YES_AGGRESSIVE;
				CLANG_WARN_UNREACHABLE_CODE = YES;
				CLANG_WARN__DUPLICATE_METHOD_MATCH = YES;
				COPY_PHASE_STRIP = NO;
				DEBUG_INFORMATION_FORMAT = dwarf;
				ENABLE_STRICT_OBJC_MSGSEND = YES;
				ENABLE_TESTABILITY = YES;
				GCC_C_LANGUAGE_STANDARD = gnu11;
				GCC_DYNAMIC_NO_PIC = NO;
				GCC_NO_COMMON_BLOCKS = YES;
				GCC_OPTIMIZATION_LEVEL = 0;
				GCC_PREPROCESSOR_DEFINITIONS = (
					"DEBUG=1",
					"$(inherited)",
				);
				GCC_WARN_64_TO_32_BIT_CONVERSION = YES;
				GCC_WARN_ABOUT_RETURN_TYPE = YES_ERROR;
				GCC_WARN_UNDECLARED_SELECTOR = YES;
				GCC_WARN_UNINITIALIZED_AUTOS = YES_AGGRESSIVE;
				GCC_WARN_UNUSED_FUNCTION = YES;
				GCC_WARN_UNUSED_VARIABLE = YES;
				IPHONEOS_DEPLOYMENT_TARGET = 16.0;
				MTL_ENABLE_DEBUG_INFO = INCLUDE_SOURCE;
				MTL_FAST_MATH = YES;
				ONLY_ACTIVE_ARCH = YES;
				SDKROOT = iphoneos;
				SWIFT_ACTIVE_COMPILATION_CONDITIONS = DEBUG;
				SWIFT_OPTIMIZATION_LEVEL = "-Onone";
			};
			name = Debug;
		};
		D1DE3E3D28EA2D4C0033680D /* Release */ = {
			isa = XCBuildConfiguration;
			buildSettings = {
				ALWAYS_SEARCH_USER_PATHS = NO;
				CLANG_ANALYZER_NONNULL = YES;
				CLANG_ANALYZER_NUMBER_OBJECT_CONVERSION = YES_AGGRESSIVE;
				CLANG_CXX_LANGUAGE_STANDARD = "gnu++20";
				CLANG_ENABLE_MODULES = YES;
				CLANG_ENABLE_OBJC_ARC = YES;
				CLANG_ENABLE_OBJC_WEAK = YES;
				CLANG_WARN_BLOCK_CAPTURE_AUTORELEASING = YES;
				CLANG_WARN_BOOL_CONVERSION = YES;
				CLANG_WARN_COMMA = YES;
				CLANG_WARN_CONSTANT_CONVERSION = YES;
				CLANG_WARN_DEPRECATED_OBJC_IMPLEMENTATIONS = YES;
				CLANG_WARN_DIRECT_OBJC_ISA_USAGE = YES_ERROR;
				CLANG_WARN_DOCUMENTATION_COMMENTS = YES;
				CLANG_WARN_EMPTY_BODY = YES;
				CLANG_WARN_ENUM_CONVERSION = YES;
				CLANG_WARN_INFINITE_RECURSION = YES;
				CLANG_WARN_INT_CONVERSION = YES;
				CLANG_WARN_NON_LITERAL_NULL_CONVERSION = YES;
				CLANG_WARN_OBJC_IMPLICIT_RETAIN_SELF = YES;
				CLANG_WARN_OBJC_LITERAL_CONVERSION = YES;
				CLANG_WARN_OBJC_ROOT_CLASS = YES_ERROR;
				CLANG_WARN_QUOTED_INCLUDE_IN_FRAMEWORK_HEADER = YES;
				CLANG_WARN_RANGE_LOOP_ANALYSIS = YES;
				CLANG_WARN_STRICT_PROTOTYPES = YES;
				CLANG_WARN_SUSPICIOUS_MOVE = YES;
				CLANG_WARN_UNGUARDED_AVAILABILITY = YES_AGGRESSIVE;
				CLANG_WARN_UNREACHABLE_CODE = YES;
				CLANG_WARN__DUPLICATE_METHOD_MATCH = YES;
				COPY_PHASE_STRIP = NO;
				DEBUG_INFORMATION_FORMAT = "dwarf-with-dsym";
				ENABLE_NS_ASSERTIONS = NO;
				ENABLE_STRICT_OBJC_MSGSEND = YES;
				GCC_C_LANGUAGE_STANDARD = gnu11;
				GCC_NO_COMMON_BLOCKS = YES;
				GCC_WARN_64_TO_32_BIT_CONVERSION = YES;
				GCC_WARN_ABOUT_RETURN_TYPE = YES_ERROR;
				GCC_WARN_UNDECLARED_SELECTOR = YES;
				GCC_WARN_UNINITIALIZED_AUTOS = YES_AGGRESSIVE;
				GCC_WARN_UNUSED_FUNCTION = YES;
				GCC_WARN_UNUSED_VARIABLE = YES;
				IPHONEOS_DEPLOYMENT_TARGET = 16.0;
				MTL_ENABLE_DEBUG_INFO = NO;
				MTL_FAST_MATH = YES;
				SDKROOT = iphoneos;
				SWIFT_COMPILATION_MODE = wholemodule;
				SWIFT_OPTIMIZATION_LEVEL = "-O";
				VALIDATE_PRODUCT = YES;
			};
			name = Release;
		};
		D1DE3E3F28EA2D4C0033680D /* Debug */ = {
			isa = XCBuildConfiguration;
			buildSettings = {
				ASSETCATALOG_COMPILER_APPICON_NAME = AppIcon;
				ASSETCATALOG_COMPILER_GLOBAL_ACCENT_COLOR_NAME = AccentColor;
				CODE_SIGN_STYLE = Automatic;
				CURRENT_PROJECT_VERSION = 1;
				DEVELOPMENT_ASSET_PATHS = "\"Plastic/Preview Content\"";
				ENABLE_PREVIEWS = YES;
				GENERATE_INFOPLIST_FILE = YES;
				INFOPLIST_KEY_UIApplicationSceneManifest_Generation = YES;
				INFOPLIST_KEY_UIApplicationSupportsIndirectInputEvents = YES;
				INFOPLIST_KEY_UILaunchScreen_Generation = YES;
				INFOPLIST_KEY_UISupportedInterfaceOrientations_iPad = "UIInterfaceOrientationPortrait UIInterfaceOrientationPortraitUpsideDown UIInterfaceOrientationLandscapeLeft UIInterfaceOrientationLandscapeRight";
				INFOPLIST_KEY_UISupportedInterfaceOrientations_iPhone = "UIInterfaceOrientationPortrait UIInterfaceOrientationLandscapeLeft UIInterfaceOrientationLandscapeRight";
				LD_RUNPATH_SEARCH_PATHS = (
					"$(inherited)",
					"@executable_path/Frameworks",
				);
				MARKETING_VERSION = 1.0;
				PRODUCT_BUNDLE_IDENTIFIER = xyz.makerland.Plastic;
				PRODUCT_NAME = "$(TARGET_NAME)";
				SWIFT_EMIT_LOC_STRINGS = YES;
				SWIFT_VERSION = 5.0;
				TARGETED_DEVICE_FAMILY = "1,2";
			};
			name = Debug;
		};
		D1DE3E4028EA2D4C0033680D /* Release */ = {
			isa = XCBuildConfiguration;
			buildSettings = {
				ASSETCATALOG_COMPILER_APPICON_NAME = AppIcon;
				ASSETCATALOG_COMPILER_GLOBAL_ACCENT_COLOR_NAME = AccentColor;
				CODE_SIGN_STYLE = Automatic;
				CURRENT_PROJECT_VERSION = 1;
				DEVELOPMENT_ASSET_PATHS = "\"Plastic/Preview Content\"";
				ENABLE_PREVIEWS = YES;
				GENERATE_INFOPLIST_FILE = YES;
				INFOPLIST_KEY_UIApplicationSceneManifest_Generation = YES;
				INFOPLIST_KEY_UIApplicationSupportsIndirectInputEvents = YES;
				INFOPLIST_KEY_UILaunchScreen_Generation = YES;
				INFOPLIST_KEY_UISupportedInterfaceOrientations_iPad = "UIInterfaceOrientationPortrait UIInterfaceOrientationPortraitUpsideDown UIInterfaceOrientationLandscapeLeft UIInterfaceOrientationLandscapeRight";
				INFOPLIST_KEY_UISupportedInterfaceOrientations_iPhone = "UIInterfaceOrientationPortrait UIInterfaceOrientationLandscapeLeft UIInterfaceOrientationLandscapeRight";
				LD_RUNPATH_SEARCH_PATHS = (
					"$(inherited)",
					"@executable_path/Frameworks",
				);
				MARKETING_VERSION = 1.0;
				PRODUCT_BUNDLE_IDENTIFIER = xyz.makerland.Plastic;
				PRODUCT_NAME = "$(TARGET_NAME)";
				SWIFT_EMIT_LOC_STRINGS = YES;
				SWIFT_VERSION = 5.0;
				TARGETED_DEVICE_FAMILY = "1,2";
			};
			name = Release;
		};
		D1DE3E4228EA2D4C0033680D /* Debug */ = {
			isa = XCBuildConfiguration;
			buildSettings = {
				ALWAYS_EMBED_SWIFT_STANDARD_LIBRARIES = YES;
				BUNDLE_LOADER = "$(TEST_HOST)";
				CODE_SIGN_STYLE = Automatic;
				CURRENT_PROJECT_VERSION = 1;
				GENERATE_INFOPLIST_FILE = YES;
				IPHONEOS_DEPLOYMENT_TARGET = 16.0;
				MARKETING_VERSION = 1.0;
				PRODUCT_BUNDLE_IDENTIFIER = xyz.makerland.PlasticTests;
				PRODUCT_NAME = "$(TARGET_NAME)";
				SWIFT_EMIT_LOC_STRINGS = NO;
				SWIFT_VERSION = 5.0;
				TARGETED_DEVICE_FAMILY = "1,2";
				TEST_HOST = "$(BUILT_PRODUCTS_DIR)/Plastic.app/$(BUNDLE_EXECUTABLE_FOLDER_PATH)/Plastic";
			};
			name = Debug;
		};
		D1DE3E4328EA2D4C0033680D /* Release */ = {
			isa = XCBuildConfiguration;
			buildSettings = {
				ALWAYS_EMBED_SWIFT_STANDARD_LIBRARIES = YES;
				BUNDLE_LOADER = "$(TEST_HOST)";
				CODE_SIGN_STYLE = Automatic;
				CURRENT_PROJECT_VERSION = 1;
				GENERATE_INFOPLIST_FILE = YES;
				IPHONEOS_DEPLOYMENT_TARGET = 16.0;
				MARKETING_VERSION = 1.0;
				PRODUCT_BUNDLE_IDENTIFIER = xyz.makerland.PlasticTests;
				PRODUCT_NAME = "$(TARGET_NAME)";
				SWIFT_EMIT_LOC_STRINGS = NO;
				SWIFT_VERSION = 5.0;
				TARGETED_DEVICE_FAMILY = "1,2";
				TEST_HOST = "$(BUILT_PRODUCTS_DIR)/Plastic.app/$(BUNDLE_EXECUTABLE_FOLDER_PATH)/Plastic";
			};
			name = Release;
		};
		D1DE3E4528EA2D4C0033680D /* Debug */ = {
			isa = XCBuildConfiguration;
			buildSettings = {
				ALWAYS_EMBED_SWIFT_STANDARD_LIBRARIES = YES;
				CODE_SIGN_STYLE = Automatic;
				CURRENT_PROJECT_VERSION = 1;
				GENERATE_INFOPLIST_FILE = YES;
				MARKETING_VERSION = 1.0;
				PRODUCT_BUNDLE_IDENTIFIER = xyz.makerland.PlasticUITests;
				PRODUCT_NAME = "$(TARGET_NAME)";
				SWIFT_EMIT_LOC_STRINGS = NO;
				SWIFT_VERSION = 5.0;
				TARGETED_DEVICE_FAMILY = "1,2";
				TEST_TARGET_NAME = Plastic;
			};
			name = Debug;
		};
		D1DE3E4628EA2D4C0033680D /* Release */ = {
			isa = XCBuildConfiguration;
			buildSettings = {
				ALWAYS_EMBED_SWIFT_STANDARD_LIBRARIES = YES;
				CODE_SIGN_STYLE = Automatic;
				CURRENT_PROJECT_VERSION = 1;
				GENERATE_INFOPLIST_FILE = YES;
				MARKETING_VERSION = 1.0;
				PRODUCT_BUNDLE_IDENTIFIER = xyz.makerland.PlasticUITests;
				PRODUCT_NAME = "$(TARGET_NAME)";
				SWIFT_EMIT_LOC_STRINGS = NO;
				SWIFT_VERSION = 5.0;
				TARGETED_DEVICE_FAMILY = "1,2";
				TEST_TARGET_NAME = Plastic;
			};
			name = Release;
		};
/* End XCBuildConfiguration section */

/* Begin XCConfigurationList section */
		D1DE3E1528EA2D4C0033680D /* Build configuration list for PBXProject "Plastic" */ = {
			isa = XCConfigurationList;
			buildConfigurations = (
				D1DE3E3C28EA2D4C0033680D /* Debug */,
				D1DE3E3D28EA2D4C0033680D /* Release */,
			);
			defaultConfigurationIsVisible = 0;
			defaultConfigurationName = Release;
		};
		D1DE3E3E28EA2D4C0033680D /* Build configuration list for PBXNativeTarget "Plastic" */ = {
			isa = XCConfigurationList;
			buildConfigurations = (
				D1DE3E3F28EA2D4C0033680D /* Debug */,
				D1DE3E4028EA2D4C0033680D /* Release */,
			);
			defaultConfigurationIsVisible = 0;
			defaultConfigurationName = Release;
		};
		D1DE3E4128EA2D4C0033680D /* Build configuration list for PBXNativeTarget "PlasticTests" */ = {
			isa = XCConfigurationList;
			buildConfigurations = (
				D1DE3E4228EA2D4C0033680D /* Debug */,
				D1DE3E4328EA2D4C0033680D /* Release */,
			);
			defaultConfigurationIsVisible = 0;
			defaultConfigurationName = Release;
		};
		D1DE3E4428EA2D4C0033680D /* Build configuration list for PBXNativeTarget "PlasticUITests" */ = {
			isa = XCConfigurationList;
			buildConfigurations = (
				D1DE3E4528EA2D4C0033680D /* Debug */,
				D1DE3E4628EA2D4C0033680D /* Release */,
			);
			defaultConfigurationIsVisible = 0;
			defaultConfigurationName = Release;
		};
/* End XCConfigurationList section */
	};
	rootObject = D1DE3E1228EA2D4C0033680D /* Project object */;
}
